
Microsoft Visual Studio Solution File, Format Version 12.00
# Visual Studio Version 17
VisualStudioVersion = 17.2.32526.322
MinimumVisualStudioVersion = 10.0.40219.1
Project("{FAE04EC0-301F-11D3-BF4B-00C04F79EFBC}") = "Reto-1", "Reto-1.csproj", "{A78F7EAA-5C5D-453A-B2D2-B3B0AD337ED7}"
EndProject
Global
	GlobalSection(SolutionConfigurationPlatforms) = preSolution
		Debug|Any CPU = Debug|Any CPU
		Release|Any CPU = Release|Any CPU
	EndGlobalSection
	GlobalSection(ProjectConfigurationPlatforms) = postSolution
		{A78F7EAA-5C5D-453A-B2D2-B3B0AD337ED7}.Debug|Any CPU.ActiveCfg = Debug|Any CPU
		{A78F7EAA-5C5D-453A-B2D2-B3B0AD337ED7}.Debug|Any CPU.Build.0 = Debug|Any CPU
		{A78F7EAA-5C5D-453A-B2D2-B3B0AD337ED7}.Release|Any CPU.ActiveCfg = Release|Any CPU
		{A78F7EAA-5C5D-453A-B2D2-B3B0AD337ED7}.Release|Any CPU.Build.0 = Release|Any CPU
	EndGlobalSection
	GlobalSection(SolutionProperties) = preSolution
		HideSolutionNode = FALSE
	EndGlobalSection
	GlobalSection(ExtensibilityGlobals) = postSolution
		SolutionGuid = {A8F38FB5-0E5B-4ECF-99FF-CE181A8429BC}
	EndGlobalSection
EndGlobal
