
Microsoft Visual Studio Solution File, Format Version 12.00
# Visual Studio Version 17
VisualStudioVersion = 17.2.32526.322
MinimumVisualStudioVersion = 10.0.40219.1
Project("{FAE04EC0-301F-11D3-BF4B-00C04F79EFBC}") = "Reto-2", "Reto-2.csproj", "{722AB27A-B04D-4888-A961-40A8B626D0BD}"
EndProject
Global
	GlobalSection(SolutionConfigurationPlatforms) = preSolution
		Debug|Any CPU = Debug|Any CPU
		Release|Any CPU = Release|Any CPU
	EndGlobalSection
	GlobalSection(ProjectConfigurationPlatforms) = postSolution
		{722AB27A-B04D-4888-A961-40A8B626D0BD}.Debug|Any CPU.ActiveCfg = Debug|Any CPU
		{722AB27A-B04D-4888-A961-40A8B626D0BD}.Debug|Any CPU.Build.0 = Debug|Any CPU
		{722AB27A-B04D-4888-A961-40A8B626D0BD}.Release|Any CPU.ActiveCfg = Release|Any CPU
		{722AB27A-B04D-4888-A961-40A8B626D0BD}.Release|Any CPU.Build.0 = Release|Any CPU
	EndGlobalSection
	GlobalSection(SolutionProperties) = preSolution
		HideSolutionNode = FALSE
	EndGlobalSection
	GlobalSection(ExtensibilityGlobals) = postSolution
		SolutionGuid = {455AA503-07A2-4C8C-9DE5-7F5C8AF70398}
	EndGlobalSection
EndGlobal
