
Microsoft Visual Studio Solution File, Format Version 12.00
# Visual Studio Version 17
VisualStudioVersion = 17.2.32526.322
MinimumVisualStudioVersion = 10.0.40219.1
Project("{FAE04EC0-301F-11D3-BF4B-00C04F79EFBC}") = "Reto-7", "Reto-7.csproj", "{A44972D8-DE44-4C73-9777-A94E921B7B8E}"
EndProject
Global
	GlobalSection(SolutionConfigurationPlatforms) = preSolution
		Debug|Any CPU = Debug|Any CPU
		Release|Any CPU = Release|Any CPU
	EndGlobalSection
	GlobalSection(ProjectConfigurationPlatforms) = postSolution
		{A44972D8-DE44-4C73-9777-A94E921B7B8E}.Debug|Any CPU.ActiveCfg = Debug|Any CPU
		{A44972D8-DE44-4C73-9777-A94E921B7B8E}.Debug|Any CPU.Build.0 = Debug|Any CPU
		{A44972D8-DE44-4C73-9777-A94E921B7B8E}.Release|Any CPU.ActiveCfg = Release|Any CPU
		{A44972D8-DE44-4C73-9777-A94E921B7B8E}.Release|Any CPU.Build.0 = Release|Any CPU
	EndGlobalSection
	GlobalSection(SolutionProperties) = preSolution
		HideSolutionNode = FALSE
	EndGlobalSection
	GlobalSection(ExtensibilityGlobals) = postSolution
		SolutionGuid = {2E3CDFF0-97AF-45C8-B3DE-BD8F172C7178}
	EndGlobalSection
EndGlobal
